
Microsoft Visual Studio Solution File, Format Version 12.00
# Visual Studio 15
VisualStudioVersion = 15.0.27703.2042
MinimumVisualStudioVersion = 10.0.40219.1
Project("{FAE04EC0-301F-11D3-BF4B-00C04F79EFBC}") = "OpcUaClient", "OpcUaClient\OpcUaClient.csproj", "{F0DCB4AE-38BB-46CE-BC95-CEBFD2B1CE9D}"
EndProject
Project("{FAE04EC0-301F-11D3-BF4B-00C04F79EFBC}") = "OpcUaClient.Model", "OpcUaClient.Model\OpcUaClient.Model.csproj", "{2EC0C432-A328-4879-A041-E7256717A4F8}"
EndProject
Project("{FAE04EC0-301F-11D3-BF4B-00C04F79EFBC}") = "OpcUaClientConsoleTest", "OpcUaClientConsoleTest\OpcUaClientConsoleTest.csproj", "{AD32511F-EA7B-4E57-A3FD-0CA99B85DC49}"
EndProject
Project("{9A19103F-16F7-4668-BE54-9A1E7A4F7556}") = "Opc.Ua.Core", "..\UA-.NETStandard\Stack\Opc.Ua.Core\Opc.Ua.Core.csproj", "{F18437F4-8917-4307-B04F-A9A0571BD10F}"
EndProject
Project("{9A19103F-16F7-4668-BE54-9A1E7A4F7556}") = "Opc.Ua.Configuration", "..\UA-.NETStandard\SampleApplications\SDK\Opc.Ua.Configuration\Opc.Ua.Configuration.csproj", "{FCB98C59-2AC7-4C0E-87FB-9AD13EDDEC00}"
EndProject
Project("{9A19103F-16F7-4668-BE54-9A1E7A4F7556}") = "Opc.Ua.Client", "..\UA-.NETStandard\SampleApplications\SDK\Opc.Ua.Client\Opc.Ua.Client.csproj", "{3ACA7CAF-BF23-447E-8EE5-CD6505F94797}"
EndProject
Global
	GlobalSection(SolutionConfigurationPlatforms) = preSolution
		Debug|Any CPU = Debug|Any CPU
		Release|Any CPU = Release|Any CPU
	EndGlobalSection
	GlobalSection(ProjectConfigurationPlatforms) = postSolution
		{F0DCB4AE-38BB-46CE-BC95-CEBFD2B1CE9D}.Debug|Any CPU.ActiveCfg = Debug|Any CPU
		{F0DCB4AE-38BB-46CE-BC95-CEBFD2B1CE9D}.Debug|Any CPU.Build.0 = Debug|Any CPU
		{F0DCB4AE-38BB-46CE-BC95-CEBFD2B1CE9D}.Release|Any CPU.ActiveCfg = Release|Any CPU
		{F0DCB4AE-38BB-46CE-BC95-CEBFD2B1CE9D}.Release|Any CPU.Build.0 = Release|Any CPU
		{2EC0C432-A328-4879-A041-E7256717A4F8}.Debug|Any CPU.ActiveCfg = Debug|Any CPU
		{2EC0C432-A328-4879-A041-E7256717A4F8}.Debug|Any CPU.Build.0 = Debug|Any CPU
		{2EC0C432-A328-4879-A041-E7256717A4F8}.Release|Any CPU.ActiveCfg = Release|Any CPU
		{2EC0C432-A328-4879-A041-E7256717A4F8}.Release|Any CPU.Build.0 = Release|Any CPU
		{AD32511F-EA7B-4E57-A3FD-0CA99B85DC49}.Debug|Any CPU.ActiveCfg = Debug|Any CPU
		{AD32511F-EA7B-4E57-A3FD-0CA99B85DC49}.Debug|Any CPU.Build.0 = Debug|Any CPU
		{AD32511F-EA7B-4E57-A3FD-0CA99B85DC49}.Release|Any CPU.ActiveCfg = Release|Any CPU
		{AD32511F-EA7B-4E57-A3FD-0CA99B85DC49}.Release|Any CPU.Build.0 = Release|Any CPU
		{F18437F4-8917-4307-B04F-A9A0571BD10F}.Debug|Any CPU.ActiveCfg = Debug|Any CPU
		{F18437F4-8917-4307-B04F-A9A0571BD10F}.Debug|Any CPU.Build.0 = Debug|Any CPU
		{F18437F4-8917-4307-B04F-A9A0571BD10F}.Release|Any CPU.ActiveCfg = Release|Any CPU
		{F18437F4-8917-4307-B04F-A9A0571BD10F}.Release|Any CPU.Build.0 = Release|Any CPU
		{FCB98C59-2AC7-4C0E-87FB-9AD13EDDEC00}.Debug|Any CPU.ActiveCfg = Debug|Any CPU
		{FCB98C59-2AC7-4C0E-87FB-9AD13EDDEC00}.Debug|Any CPU.Build.0 = Debug|Any CPU
		{FCB98C59-2AC7-4C0E-87FB-9AD13EDDEC00}.Release|Any CPU.ActiveCfg = Release|Any CPU
		{FCB98C59-2AC7-4C0E-87FB-9AD13EDDEC00}.Release|Any CPU.Build.0 = Release|Any CPU
		{3ACA7CAF-BF23-447E-8EE5-CD6505F94797}.Debug|Any CPU.ActiveCfg = Debug|Any CPU
		{3ACA7CAF-BF23-447E-8EE5-CD6505F94797}.Debug|Any CPU.Build.0 = Debug|Any CPU
		{3ACA7CAF-BF23-447E-8EE5-CD6505F94797}.Release|Any CPU.ActiveCfg = Release|Any CPU
		{3ACA7CAF-BF23-447E-8EE5-CD6505F94797}.Release|Any CPU.Build.0 = Release|Any CPU
	EndGlobalSection
	GlobalSection(SolutionProperties) = preSolution
		HideSolutionNode = FALSE
	EndGlobalSection
	GlobalSection(ExtensibilityGlobals) = postSolution
		SolutionGuid = {3FC3EC1D-A9E3-47B4-8CDC-2ED334FCF0B0}
	EndGlobalSection
EndGlobal
